
Microsoft Visual Studio Solution File, Format Version 12.00
# Visual Studio Version 16
VisualStudioVersion = 16.0.29519.87
MinimumVisualStudioVersion = 10.0.40219.1
Project("{FAE04EC0-301F-11D3-BF4B-00C04F79EFBC}") = "History.Android", "History\History.Android\History.Android.csproj", "{41BF543F-0ECA-4E3F-8A86-2A2C37813456}"
EndProject
Project("{FAE04EC0-301F-11D3-BF4B-00C04F79EFBC}") = "History.iOS", "History\History.iOS\History.iOS.csproj", "{7C454E83-003A-4DC7-B590-4063A58C6C1F}"
EndProject
Project("{FAE04EC0-301F-11D3-BF4B-00C04F79EFBC}") = "History", "History\History\History.csproj", "{BAA65A88-294C-4134-BA44-4DAF1EEEE7A2}"
EndProject
Global
	GlobalSection(SolutionConfigurationPlatforms) = preSolution
		Debug|Any CPU = Debug|Any CPU
		Debug|iPhone = Debug|iPhone
		Debug|iPhoneSimulator = Debug|iPhoneSimulator
		Release|Any CPU = Release|Any CPU
		Release|iPhone = Release|iPhone
		Release|iPhoneSimulator = Release|iPhoneSimulator
	EndGlobalSection
	GlobalSection(ProjectConfigurationPlatforms) = postSolution
		{41BF543F-0ECA-4E3F-8A86-2A2C37813456}.Debug|Any CPU.ActiveCfg = Debug|Any CPU
		{41BF543F-0ECA-4E3F-8A86-2A2C37813456}.Debug|Any CPU.Build.0 = Debug|Any CPU
		{41BF543F-0ECA-4E3F-8A86-2A2C37813456}.Debug|Any CPU.Deploy.0 = Debug|Any CPU
		{41BF543F-0ECA-4E3F-8A86-2A2C37813456}.Debug|iPhone.ActiveCfg = Debug|Any CPU
		{41BF543F-0ECA-4E3F-8A86-2A2C37813456}.Debug|iPhone.Build.0 = Debug|Any CPU
		{41BF543F-0ECA-4E3F-8A86-2A2C37813456}.Debug|iPhone.Deploy.0 = Debug|Any CPU
		{41BF543F-0ECA-4E3F-8A86-2A2C37813456}.Debug|iPhoneSimulator.ActiveCfg = Debug|Any CPU
		{41BF543F-0ECA-4E3F-8A86-2A2C37813456}.Debug|iPhoneSimulator.Build.0 = Debug|Any CPU
		{41BF543F-0ECA-4E3F-8A86-2A2C37813456}.Debug|iPhoneSimulator.Deploy.0 = Debug|Any CPU
		{41BF543F-0ECA-4E3F-8A86-2A2C37813456}.Release|Any CPU.ActiveCfg = Release|Any CPU
		{41BF543F-0ECA-4E3F-8A86-2A2C37813456}.Release|Any CPU.Build.0 = Release|Any CPU
		{41BF543F-0ECA-4E3F-8A86-2A2C37813456}.Release|Any CPU.Deploy.0 = Release|Any CPU
		{41BF543F-0ECA-4E3F-8A86-2A2C37813456}.Release|iPhone.ActiveCfg = Release|Any CPU
		{41BF543F-0ECA-4E3F-8A86-2A2C37813456}.Release|iPhone.Build.0 = Release|Any CPU
		{41BF543F-0ECA-4E3F-8A86-2A2C37813456}.Release|iPhone.Deploy.0 = Release|Any CPU
		{41BF543F-0ECA-4E3F-8A86-2A2C37813456}.Release|iPhoneSimulator.ActiveCfg = Release|Any CPU
		{41BF543F-0ECA-4E3F-8A86-2A2C37813456}.Release|iPhoneSimulator.Build.0 = Release|Any CPU
		{41BF543F-0ECA-4E3F-8A86-2A2C37813456}.Release|iPhoneSimulator.Deploy.0 = Release|Any CPU
		{7C454E83-003A-4DC7-B590-4063A58C6C1F}.Debug|Any CPU.ActiveCfg = Debug|iPhoneSimulator
		{7C454E83-003A-4DC7-B590-4063A58C6C1F}.Debug|Any CPU.Build.0 = Debug|iPhoneSimulator
		{7C454E83-003A-4DC7-B590-4063A58C6C1F}.Debug|Any CPU.Deploy.0 = Debug|iPhoneSimulator
		{7C454E83-003A-4DC7-B590-4063A58C6C1F}.Debug|iPhone.ActiveCfg = Debug|iPhone
		{7C454E83-003A-4DC7-B590-4063A58C6C1F}.Debug|iPhone.Build.0 = Debug|iPhone
		{7C454E83-003A-4DC7-B590-4063A58C6C1F}.Debug|iPhone.Deploy.0 = Debug|iPhone
		{7C454E83-003A-4DC7-B590-4063A58C6C1F}.Debug|iPhoneSimulator.ActiveCfg = Debug|iPhoneSimulator
		{7C454E83-003A-4DC7-B590-4063A58C6C1F}.Debug|iPhoneSimulator.Build.0 = Debug|iPhoneSimulator
		{7C454E83-003A-4DC7-B590-4063A58C6C1F}.Debug|iPhoneSimulator.Deploy.0 = Debug|iPhoneSimulator
		{7C454E83-003A-4DC7-B590-4063A58C6C1F}.Release|Any CPU.ActiveCfg = Release|iPhone
		{7C454E83-003A-4DC7-B590-4063A58C6C1F}.Release|Any CPU.Build.0 = Release|iPhone
		{7C454E83-003A-4DC7-B590-4063A58C6C1F}.Release|Any CPU.Deploy.0 = Release|iPhone
		{7C454E83-003A-4DC7-B590-4063A58C6C1F}.Release|iPhone.ActiveCfg = Release|iPhone
		{7C454E83-003A-4DC7-B590-4063A58C6C1F}.Release|iPhone.Build.0 = Release|iPhone
		{7C454E83-003A-4DC7-B590-4063A58C6C1F}.Release|iPhone.Deploy.0 = Release|iPhone
		{7C454E83-003A-4DC7-B590-4063A58C6C1F}.Release|iPhoneSimulator.ActiveCfg = Release|iPhoneSimulator
		{7C454E83-003A-4DC7-B590-4063A58C6C1F}.Release|iPhoneSimulator.Build.0 = Release|iPhoneSimulator
		{7C454E83-003A-4DC7-B590-4063A58C6C1F}.Release|iPhoneSimulator.Deploy.0 = Release|iPhoneSimulator
		{BAA65A88-294C-4134-BA44-4DAF1EEEE7A2}.Debug|Any CPU.ActiveCfg = Debug|Any CPU
		{BAA65A88-294C-4134-BA44-4DAF1EEEE7A2}.Debug|Any CPU.Build.0 = Debug|Any CPU
		{BAA65A88-294C-4134-BA44-4DAF1EEEE7A2}.Debug|Any CPU.Deploy.0 = Debug|Any CPU
		{BAA65A88-294C-4134-BA44-4DAF1EEEE7A2}.Debug|iPhone.ActiveCfg = Debug|Any CPU
		{BAA65A88-294C-4134-BA44-4DAF1EEEE7A2}.Debug|iPhone.Build.0 = Debug|Any CPU
		{BAA65A88-294C-4134-BA44-4DAF1EEEE7A2}.Debug|iPhone.Deploy.0 = Debug|Any CPU
		{BAA65A88-294C-4134-BA44-4DAF1EEEE7A2}.Debug|iPhoneSimulator.ActiveCfg = Debug|Any CPU
		{BAA65A88-294C-4134-BA44-4DAF1EEEE7A2}.Debug|iPhoneSimulator.Build.0 = Debug|Any CPU
		{BAA65A88-294C-4134-BA44-4DAF1EEEE7A2}.Debug|iPhoneSimulator.Deploy.0 = Debug|Any CPU
		{BAA65A88-294C-4134-BA44-4DAF1EEEE7A2}.Release|Any CPU.ActiveCfg = Release|Any CPU
		{BAA65A88-294C-4134-BA44-4DAF1EEEE7A2}.Release|Any CPU.Build.0 = Release|Any CPU
		{BAA65A88-294C-4134-BA44-4DAF1EEEE7A2}.Release|Any CPU.Deploy.0 = Release|Any CPU
		{BAA65A88-294C-4134-BA44-4DAF1EEEE7A2}.Release|iPhone.ActiveCfg = Release|Any CPU
		{BAA65A88-294C-4134-BA44-4DAF1EEEE7A2}.Release|iPhone.Build.0 = Release|Any CPU
		{BAA65A88-294C-4134-BA44-4DAF1EEEE7A2}.Release|iPhone.Deploy.0 = Release|Any CPU
		{BAA65A88-294C-4134-BA44-4DAF1EEEE7A2}.Release|iPhoneSimulator.ActiveCfg = Release|Any CPU
		{BAA65A88-294C-4134-BA44-4DAF1EEEE7A2}.Release|iPhoneSimulator.Build.0 = Release|Any CPU
		{BAA65A88-294C-4134-BA44-4DAF1EEEE7A2}.Release|iPhoneSimulator.Deploy.0 = Release|Any CPU
	EndGlobalSection
	GlobalSection(SolutionProperties) = preSolution
		HideSolutionNode = FALSE
	EndGlobalSection
	GlobalSection(ExtensibilityGlobals) = postSolution
		SolutionGuid = {12FDB93B-4A18-4053-ACF2-6FC40F687FC1}
	EndGlobalSection
EndGlobal
